{
  "name": "cm-pgn",
  "version": "3.3.0",
  "lockfileVersion": 3,
  "requires": true,
  "packages": {
    "": {
      "name": "cm-pgn",
      "version": "3.3.0",
      "license": "MIT",
      "devDependencies": {
        "pegjs": "^0.10.0",
        "teevi": "^2.2.4"
      },
      "peerDependencies": {
        "chess.js": "^1.0.0-beta.7"
      }
    },
    "node_modules/chess.js": {
      "version": "1.0.0-beta.7",
      "resolved": "https://registry.npmjs.org/chess.js/-/chess.js-1.0.0-beta.7.tgz",
      "integrity": "sha512-2qG/f3M9Lil/hBey2uoJy9zhNr1BWIXZngRUJFt7j1QqS5Y5Ywq8Rd3l7ZBCbyJjhsLhxTcVhv6xy7BfjC19Dw==",
      "peer": true
    },
    "node_modules/pegjs": {
      "version": "0.10.0",
      "resolved": "https://registry.npmjs.org/pegjs/-/pegjs-0.10.0.tgz",
      "integrity": "sha512-qI5+oFNEGi3L5HAxDwN2LA4Gg7irF70Zs25edhjld9QemOgp0CbvMtbFcMvFtEo1OityPrcCzkQFB8JP/hxgow==",
      "dev": true,
      "bin": {
        "pegjs": "bin/pegjs"
      },
      "engines": {
        "node": ">=0.10"
      }
    },
    "node_modules/teevi": {
      "version": "2.2.4",
      "resolved": "https://registry.npmjs.org/teevi/-/teevi-2.2.4.tgz",
      "integrity": "sha512-dlWBYsYlb2D/CppMenVKXpD/vCiVwlgFwfjofWqunziq8O1OeYhnXK3dnYOLRmNLhimsk/a3h+w5e03BnIExKQ==",
      "dev": true
    }
  }
}
